
Microsoft Visual Studio Solution File, Format Version 12.00
# Visual Studio Version 16
VisualStudioVersion = 16.0.28803.202
MinimumVisualStudioVersion = 10.0.40219.1
Project("{9A19103F-16F7-4668-BE54-9A1E7A4F7556}") = "User.Api", "User.Api\User.Api.csproj", "{862277E7-EC03-4C61-9FA9-CA01194059E0}"
EndProject
Project("{9A19103F-16F7-4668-BE54-9A1E7A4F7556}") = "test01", "test01\test01.csproj", "{E1728E7B-E6C5-44C5-A190-ABDC89E39069}"
EndProject
Project("{9A19103F-16F7-4668-BE54-9A1E7A4F7556}") = "WebApplication1", "WebApplication1\WebApplication1.csproj", "{8CFD3318-A928-4135-9C52-5E24BDFC166A}"
EndProject
Project("{9A19103F-16F7-4668-BE54-9A1E7A4F7556}") = "test02", "test02\test02.csproj", "{F1FB0454-1B93-429B-BBA9-F8330542EE24}"
EndProject
Project("{9A19103F-16F7-4668-BE54-9A1E7A4F7556}") = "buildCore", "buildCore\buildCore.csproj", "{DAF126EE-0472-486B-8A2B-20F6D1EE91CB}"
EndProject
Project("{9A19103F-16F7-4668-BE54-9A1E7A4F7556}") = "User.Identity", "User.Identity\User.Identity.csproj", "{B3D227DA-73C4-40BE-8280-B7B8A950AB91}"
EndProject
Project("{9A19103F-16F7-4668-BE54-9A1E7A4F7556}") = "Api.Gateway", "Api.Gateway\Api.Gateway.csproj", "{E3E5BA3E-AE4C-48E0-AD1B-53DAA8A4DB40}"
EndProject
Project("{9A19103F-16F7-4668-BE54-9A1E7A4F7556}") = "WebApplication3", "WebApplication3\WebApplication3.csproj", "{AACC0898-7AF4-4187-8F09-EE73CC1E9DA5}"
EndProject
Project("{FAE04EC0-301F-11D3-BF4B-00C04F79EFBC}") = "Api2", "Api2\Api2.csproj", "{BC88E6EB-1599-4097-92D4-A3071181F533}"
EndProject
Global
	GlobalSection(SolutionConfigurationPlatforms) = preSolution
		Debug|Any CPU = Debug|Any CPU
		Release|Any CPU = Release|Any CPU
	EndGlobalSection
	GlobalSection(ProjectConfigurationPlatforms) = postSolution
		{862277E7-EC03-4C61-9FA9-CA01194059E0}.Debug|Any CPU.ActiveCfg = Debug|Any CPU
		{862277E7-EC03-4C61-9FA9-CA01194059E0}.Debug|Any CPU.Build.0 = Debug|Any CPU
		{862277E7-EC03-4C61-9FA9-CA01194059E0}.Release|Any CPU.ActiveCfg = Release|Any CPU
		{862277E7-EC03-4C61-9FA9-CA01194059E0}.Release|Any CPU.Build.0 = Release|Any CPU
		{E1728E7B-E6C5-44C5-A190-ABDC89E39069}.Debug|Any CPU.ActiveCfg = Debug|Any CPU
		{E1728E7B-E6C5-44C5-A190-ABDC89E39069}.Debug|Any CPU.Build.0 = Debug|Any CPU
		{E1728E7B-E6C5-44C5-A190-ABDC89E39069}.Release|Any CPU.ActiveCfg = Release|Any CPU
		{E1728E7B-E6C5-44C5-A190-ABDC89E39069}.Release|Any CPU.Build.0 = Release|Any CPU
		{8CFD3318-A928-4135-9C52-5E24BDFC166A}.Debug|Any CPU.ActiveCfg = Debug|Any CPU
		{8CFD3318-A928-4135-9C52-5E24BDFC166A}.Debug|Any CPU.Build.0 = Debug|Any CPU
		{8CFD3318-A928-4135-9C52-5E24BDFC166A}.Release|Any CPU.ActiveCfg = Release|Any CPU
		{8CFD3318-A928-4135-9C52-5E24BDFC166A}.Release|Any CPU.Build.0 = Release|Any CPU
		{F1FB0454-1B93-429B-BBA9-F8330542EE24}.Debug|Any CPU.ActiveCfg = Debug|Any CPU
		{F1FB0454-1B93-429B-BBA9-F8330542EE24}.Debug|Any CPU.Build.0 = Debug|Any CPU
		{F1FB0454-1B93-429B-BBA9-F8330542EE24}.Release|Any CPU.ActiveCfg = Release|Any CPU
		{F1FB0454-1B93-429B-BBA9-F8330542EE24}.Release|Any CPU.Build.0 = Release|Any CPU
		{DAF126EE-0472-486B-8A2B-20F6D1EE91CB}.Debug|Any CPU.ActiveCfg = Debug|Any CPU
		{DAF126EE-0472-486B-8A2B-20F6D1EE91CB}.Debug|Any CPU.Build.0 = Debug|Any CPU
		{DAF126EE-0472-486B-8A2B-20F6D1EE91CB}.Release|Any CPU.ActiveCfg = Release|Any CPU
		{DAF126EE-0472-486B-8A2B-20F6D1EE91CB}.Release|Any CPU.Build.0 = Release|Any CPU
		{B3D227DA-73C4-40BE-8280-B7B8A950AB91}.Debug|Any CPU.ActiveCfg = Debug|Any CPU
		{B3D227DA-73C4-40BE-8280-B7B8A950AB91}.Debug|Any CPU.Build.0 = Debug|Any CPU
		{B3D227DA-73C4-40BE-8280-B7B8A950AB91}.Release|Any CPU.ActiveCfg = Release|Any CPU
		{B3D227DA-73C4-40BE-8280-B7B8A950AB91}.Release|Any CPU.Build.0 = Release|Any CPU
		{E3E5BA3E-AE4C-48E0-AD1B-53DAA8A4DB40}.Debug|Any CPU.ActiveCfg = Debug|Any CPU
		{E3E5BA3E-AE4C-48E0-AD1B-53DAA8A4DB40}.Debug|Any CPU.Build.0 = Debug|Any CPU
		{E3E5BA3E-AE4C-48E0-AD1B-53DAA8A4DB40}.Release|Any CPU.ActiveCfg = Release|Any CPU
		{E3E5BA3E-AE4C-48E0-AD1B-53DAA8A4DB40}.Release|Any CPU.Build.0 = Release|Any CPU
		{AACC0898-7AF4-4187-8F09-EE73CC1E9DA5}.Debug|Any CPU.ActiveCfg = Debug|Any CPU
		{AACC0898-7AF4-4187-8F09-EE73CC1E9DA5}.Debug|Any CPU.Build.0 = Debug|Any CPU
		{AACC0898-7AF4-4187-8F09-EE73CC1E9DA5}.Release|Any CPU.ActiveCfg = Release|Any CPU
		{AACC0898-7AF4-4187-8F09-EE73CC1E9DA5}.Release|Any CPU.Build.0 = Release|Any CPU
		{BC88E6EB-1599-4097-92D4-A3071181F533}.Debug|Any CPU.ActiveCfg = Debug|Any CPU
		{BC88E6EB-1599-4097-92D4-A3071181F533}.Debug|Any CPU.Build.0 = Debug|Any CPU
		{BC88E6EB-1599-4097-92D4-A3071181F533}.Release|Any CPU.ActiveCfg = Release|Any CPU
		{BC88E6EB-1599-4097-92D4-A3071181F533}.Release|Any CPU.Build.0 = Release|Any CPU
	EndGlobalSection
	GlobalSection(SolutionProperties) = preSolution
		HideSolutionNode = FALSE
	EndGlobalSection
	GlobalSection(ExtensibilityGlobals) = postSolution
		SolutionGuid = {0D2645D7-39AC-46A6-9003-C4BAAA07E0BE}
	EndGlobalSection
EndGlobal
